// !$*UTF8*$!
{
	archiveVersion = 1;
	classes = {
	};
	objectVersion = 56;
	objects = {

/* Begin PBXBuildFile section */
		48E78F6D2B65732B00E54093 /* UniformTypeIdentifiers.framework in Frameworks */ = {isa = PBXBuildFile; fileRef = 48A66C592B5410550092025F /* UniformTypeIdentifiers.framework */; };
		48E78F702B65732B00E54093 /* Media.xcassets in Resources */ = {isa = PBXBuildFile; fileRef = 48E78F6F2B65732B00E54093 /* Media.xcassets */; };
		48E78F792B65732B00E54093 /* ConvertActionExtension.appex in Embed Foundation Extensions */ = {isa = PBXBuildFile; fileRef = 48E78F6C2B65732B00E54093 /* ConvertActionExtension.appex */; settings = {ATTRIBUTES = (RemoveHeadersOnCopy, ); }; };
		CC2B48BF2C8E0A0F00D7886F /* OriginUrls.swift in Sources */ = {isa = PBXBuildFile; fileRef = 4809B1FD2B58302D001F4EEF /* OriginUrls.swift */; };
		CC2B48C12C8E0A3900D7886F /* LoadingAnimation.swift in Sources */ = {isa = PBXBuildFile; fileRef = 48F623BD2B66D8A80041B75C /* LoadingAnimation.swift */; };
		CC2B48C22C8E0A3E00D7886F /* LoadingScreen.swift in Sources */ = {isa = PBXBuildFile; fileRef = 48A7792F2B6AAF250086049C /* LoadingScreen.swift */; };
		CC2B48C72C8E0B4800D7886F /* ShareSongClient.swift in Sources */ = {isa = PBXBuildFile; fileRef = 4809B1FF2B58304F001F4EEF /* ShareSongClient.swift */; };
		CC2B48D92C8E0F2200D7886F /* ShareSongClient.swift in Sources */ = {isa = PBXBuildFile; fileRef = 4809B1FF2B58304F001F4EEF /* ShareSongClient.swift */; };
		CC2B48DA2C8E0F2600D7886F /* LoadingScreen.swift in Sources */ = {isa = PBXBuildFile; fileRef = 48A7792F2B6AAF250086049C /* LoadingScreen.swift */; };
		CC2B48DB2C8E0F2900D7886F /* LoadingAnimation.swift in Sources */ = {isa = PBXBuildFile; fileRef = 48F623BD2B66D8A80041B75C /* LoadingAnimation.swift */; };
		CC2B48DC2C8E0F2C00D7886F /* OriginUrls.swift in Sources */ = {isa = PBXBuildFile; fileRef = 4809B1FD2B58302D001F4EEF /* OriginUrls.swift */; };
		CC2B48DE2C8E0F3700D7886F /* ConvertActionViewController.swift in Sources */ = {isa = PBXBuildFile; fileRef = 48E78F712B65732B00E54093 /* ConvertActionViewController.swift */; };
		CC2B48DF2C8E0F3A00D7886F /* ConvertActionViewController.swift in Sources */ = {isa = PBXBuildFile; fileRef = 48E78F712B65732B00E54093 /* ConvertActionViewController.swift */; };
		CCD31AB42C91F51E00B79448 /* WelcomeView.swift in Sources */ = {isa = PBXBuildFile; fileRef = CCD31AB22C91EF7600B79448 /* WelcomeView.swift */; };
		CCD31AB62C91F80C00B79448 /* ChangeView.swift in Sources */ = {isa = PBXBuildFile; fileRef = CCD31AB52C91F80C00B79448 /* ChangeView.swift */; };
		FD402A5B2B46F1DF00E98DEF /* ShareSongIos2App.swift in Sources */ = {isa = PBXBuildFile; fileRef = FD402A5A2B46F1DF00E98DEF /* ShareSongIos2App.swift */; };
		FD402A5D2B46F1DF00E98DEF /* ChooseView.swift in Sources */ = {isa = PBXBuildFile; fileRef = FD402A5C2B46F1DF00E98DEF /* ChooseView.swift */; };
		FD402A612B46F1E200E98DEF /* Assets.xcassets in Resources */ = {isa = PBXBuildFile; fileRef = FD402A602B46F1E200E98DEF /* Assets.xcassets */; };
		FD402A642B46F1E200E98DEF /* Preview Assets.xcassets in Resources */ = {isa = PBXBuildFile; fileRef = FD402A632B46F1E200E98DEF /* Preview Assets.xcassets */; };
		FD402A6E2B46F1E200E98DEF /* ShareSongIos2Tests.swift in Sources */ = {isa = PBXBuildFile; fileRef = FD402A6D2B46F1E200E98DEF /* ShareSongIos2Tests.swift */; };
		FD402A782B46F1E200E98DEF /* ShareSongIos2UITests.swift in Sources */ = {isa = PBXBuildFile; fileRef = FD402A772B46F1E200E98DEF /* ShareSongIos2UITests.swift */; };
		FD402A7A2B46F1E200E98DEF /* ShareSongIos2UITestsLaunchTests.swift in Sources */ = {isa = PBXBuildFile; fileRef = FD402A792B46F1E200E98DEF /* ShareSongIos2UITestsLaunchTests.swift */; };
/* End PBXBuildFile section */

/* Begin PBXContainerItemProxy section */
		48E78F772B65732B00E54093 /* PBXContainerItemProxy */ = {
			isa = PBXContainerItemProxy;
			containerPortal = FD402A4F2B46F1DF00E98DEF /* Project object */;
			proxyType = 1;
			remoteGlobalIDString = 48E78F6B2B65732B00E54093;
			remoteInfo = ShareToSpotify;
		};
		FD402A6A2B46F1E200E98DEF /* PBXContainerItemProxy */ = {
			isa = PBXContainerItemProxy;
			containerPortal = FD402A4F2B46F1DF00E98DEF /* Project object */;
			proxyType = 1;
			remoteGlobalIDString = FD402A562B46F1DF00E98DEF;
			remoteInfo = ShareSongIos2;
		};
		FD402A742B46F1E200E98DEF /* PBXContainerItemProxy */ = {
			isa = PBXContainerItemProxy;
			containerPortal = FD402A4F2B46F1DF00E98DEF /* Project object */;
			proxyType = 1;
			remoteGlobalIDString = FD402A562B46F1DF00E98DEF;
			remoteInfo = ShareSongIos2;
		};
/* End PBXContainerItemProxy section */

/* Begin PBXCopyFilesBuildPhase section */
		48A66C6A2B5410560092025F /* Embed Foundation Extensions */ = {
			isa = PBXCopyFilesBuildPhase;
			buildActionMask = 2147483647;
			dstPath = "";
			dstSubfolderSpec = 13;
			files = (
				48E78F792B65732B00E54093 /* ConvertActionExtension.appex in Embed Foundation Extensions */,
			);
			name = "Embed Foundation Extensions";
			runOnlyForDeploymentPostprocessing = 0;
		};
/* End PBXCopyFilesBuildPhase section */

/* Begin PBXFileReference section */
		4809B1FD2B58302D001F4EEF /* OriginUrls.swift */ = {isa = PBXFileReference; lastKnownFileType = sourcecode.swift; path = OriginUrls.swift; sourceTree = "<group>"; };
		4809B1FF2B58304F001F4EEF /* ShareSongClient.swift */ = {isa = PBXFileReference; lastKnownFileType = sourcecode.swift; path = ShareSongClient.swift; sourceTree = "<group>"; };
		48A66C592B5410550092025F /* UniformTypeIdentifiers.framework */ = {isa = PBXFileReference; lastKnownFileType = wrapper.framework; name = UniformTypeIdentifiers.framework; path = System/Library/Frameworks/UniformTypeIdentifiers.framework; sourceTree = SDKROOT; };
		48A7792F2B6AAF250086049C /* LoadingScreen.swift */ = {isa = PBXFileReference; lastKnownFileType = sourcecode.swift; path = LoadingScreen.swift; sourceTree = "<group>"; };
		48E78F6C2B65732B00E54093 /* ConvertActionExtension.appex */ = {isa = PBXFileReference; explicitFileType = "wrapper.app-extension"; includeInIndex = 0; path = ConvertActionExtension.appex; sourceTree = BUILT_PRODUCTS_DIR; };
		48E78F6F2B65732B00E54093 /* Media.xcassets */ = {isa = PBXFileReference; lastKnownFileType = folder.assetcatalog; path = Media.xcassets; sourceTree = "<group>"; };
		48E78F712B65732B00E54093 /* ConvertActionViewController.swift */ = {isa = PBXFileReference; lastKnownFileType = sourcecode.swift; path = ConvertActionViewController.swift; sourceTree = "<group>"; };
		48E78F762B65732B00E54093 /* Info.plist */ = {isa = PBXFileReference; lastKnownFileType = text.plist.xml; path = Info.plist; sourceTree = "<group>"; };
		48F623BD2B66D8A80041B75C /* LoadingAnimation.swift */ = {isa = PBXFileReference; lastKnownFileType = sourcecode.swift; path = LoadingAnimation.swift; sourceTree = "<group>"; };
		CC2B48B82C8DF20F00D7886F /* ShareSongIos2.entitlements */ = {isa = PBXFileReference; lastKnownFileType = text.plist.entitlements; path = ShareSongIos2.entitlements; sourceTree = "<group>"; };
		CC2B48B92C8DFC1400D7886F /* ConvertActionExtension.entitlements */ = {isa = PBXFileReference; lastKnownFileType = text.plist.entitlements; path = ConvertActionExtension.entitlements; sourceTree = "<group>"; };
		CCD31AB22C91EF7600B79448 /* WelcomeView.swift */ = {isa = PBXFileReference; lastKnownFileType = sourcecode.swift; path = WelcomeView.swift; sourceTree = "<group>"; };
		CCD31AB52C91F80C00B79448 /* ChangeView.swift */ = {isa = PBXFileReference; lastKnownFileType = sourcecode.swift; path = ChangeView.swift; sourceTree = "<group>"; };
		FD402A572B46F1DF00E98DEF /* ShareSongIos2.app */ = {isa = PBXFileReference; explicitFileType = wrapper.application; includeInIndex = 0; path = ShareSongIos2.app; sourceTree = BUILT_PRODUCTS_DIR; };
		FD402A5A2B46F1DF00E98DEF /* ShareSongIos2App.swift */ = {isa = PBXFileReference; lastKnownFileType = sourcecode.swift; path = ShareSongIos2App.swift; sourceTree = "<group>"; };
		FD402A5C2B46F1DF00E98DEF /* ChooseView.swift */ = {isa = PBXFileReference; lastKnownFileType = sourcecode.swift; path = ChooseView.swift; sourceTree = "<group>"; };
		FD402A602B46F1E200E98DEF /* Assets.xcassets */ = {isa = PBXFileReference; lastKnownFileType = folder.assetcatalog; path = Assets.xcassets; sourceTree = "<group>"; };
		FD402A632B46F1E200E98DEF /* Preview Assets.xcassets */ = {isa = PBXFileReference; lastKnownFileType = folder.assetcatalog; path = "Preview Assets.xcassets"; sourceTree = "<group>"; };
		FD402A692B46F1E200E98DEF /* ShareSongIos2Tests.xctest */ = {isa = PBXFileReference; explicitFileType = wrapper.cfbundle; includeInIndex = 0; path = ShareSongIos2Tests.xctest; sourceTree = BUILT_PRODUCTS_DIR; };
		FD402A6D2B46F1E200E98DEF /* ShareSongIos2Tests.swift */ = {isa = PBXFileReference; lastKnownFileType = sourcecode.swift; path = ShareSongIos2Tests.swift; sourceTree = "<group>"; };
		FD402A732B46F1E200E98DEF /* ShareSongIos2UITests.xctest */ = {isa = PBXFileReference; explicitFileType = wrapper.cfbundle; includeInIndex = 0; path = ShareSongIos2UITests.xctest; sourceTree = BUILT_PRODUCTS_DIR; };
		FD402A772B46F1E200E98DEF /* ShareSongIos2UITests.swift */ = {isa = PBXFileReference; lastKnownFileType = sourcecode.swift; path = ShareSongIos2UITests.swift; sourceTree = "<group>"; };
		FD402A792B46F1E200E98DEF /* ShareSongIos2UITestsLaunchTests.swift */ = {isa = PBXFileReference; lastKnownFileType = sourcecode.swift; path = ShareSongIos2UITestsLaunchTests.swift; sourceTree = "<group>"; };
		FD6B60A12B47369500BF615C /* Info.plist */ = {isa = PBXFileReference; lastKnownFileType = text.plist; path = Info.plist; sourceTree = "<group>"; };
/* End PBXFileReference section */

/* Begin PBXFrameworksBuildPhase section */
		48E78F692B65732B00E54093 /* Frameworks */ = {
			isa = PBXFrameworksBuildPhase;
			buildActionMask = 2147483647;
			files = (
				48E78F6D2B65732B00E54093 /* UniformTypeIdentifiers.framework in Frameworks */,
			);
			runOnlyForDeploymentPostprocessing = 0;
		};
		FD402A542B46F1DF00E98DEF /* Frameworks */ = {
			isa = PBXFrameworksBuildPhase;
			buildActionMask = 2147483647;
			files = (
			);
			runOnlyForDeploymentPostprocessing = 0;
		};
		FD402A662B46F1E200E98DEF /* Frameworks */ = {
			isa = PBXFrameworksBuildPhase;
			buildActionMask = 2147483647;
			files = (
			);
			runOnlyForDeploymentPostprocessing = 0;
		};
		FD402A702B46F1E200E98DEF /* Frameworks */ = {
			isa = PBXFrameworksBuildPhase;
			buildActionMask = 2147483647;
			files = (
			);
			runOnlyForDeploymentPostprocessing = 0;
		};
/* End PBXFrameworksBuildPhase section */

/* Begin PBXGroup section */
		48A66C582B5410550092025F /* Frameworks */ = {
			isa = PBXGroup;
			children = (
				48A66C592B5410550092025F /* UniformTypeIdentifiers.framework */,
			);
			name = Frameworks;
			sourceTree = "<group>";
		};
		48E78F6E2B65732B00E54093 /* ConvertActionExtension */ = {
			isa = PBXGroup;
			children = (
				48E78F712B65732B00E54093 /* ConvertActionViewController.swift */,
				48E78F762B65732B00E54093 /* Info.plist */,
				48F623BD2B66D8A80041B75C /* LoadingAnimation.swift */,
				48A7792F2B6AAF250086049C /* LoadingScreen.swift */,
				48E78F6F2B65732B00E54093 /* Media.xcassets */,
				4809B1FD2B58302D001F4EEF /* OriginUrls.swift */,
				4809B1FF2B58304F001F4EEF /* ShareSongClient.swift */,
				CC2B48B92C8DFC1400D7886F /* ConvertActionExtension.entitlements */,
			);
			path = ConvertActionExtension;
			sourceTree = "<group>";
		};
		FD402A4E2B46F1DF00E98DEF = {
			isa = PBXGroup;
			children = (
				FD402A592B46F1DF00E98DEF /* ShareSongIos2 */,
				FD402A6C2B46F1E200E98DEF /* ShareSongIos2Tests */,
				FD402A762B46F1E200E98DEF /* ShareSongIos2UITests */,
				48E78F6E2B65732B00E54093 /* ConvertActionExtension */,
				48A66C582B5410550092025F /* Frameworks */,
				FD402A582B46F1DF00E98DEF /* Products */,
			);
			sourceTree = "<group>";
		};
		FD402A582B46F1DF00E98DEF /* Products */ = {
			isa = PBXGroup;
			children = (
				FD402A572B46F1DF00E98DEF /* ShareSongIos2.app */,
				FD402A692B46F1E200E98DEF /* ShareSongIos2Tests.xctest */,
				FD402A732B46F1E200E98DEF /* ShareSongIos2UITests.xctest */,
				48E78F6C2B65732B00E54093 /* ConvertActionExtension.appex */,
			);
			name = Products;
			sourceTree = "<group>";
		};
		FD402A592B46F1DF00E98DEF /* ShareSongIos2 */ = {
			isa = PBXGroup;
			children = (
				CCD31AB22C91EF7600B79448 /* WelcomeView.swift */,
				CC2B48B82C8DF20F00D7886F /* ShareSongIos2.entitlements */,
				FD6B60A12B47369500BF615C /* Info.plist */,
				FD402A5A2B46F1DF00E98DEF /* ShareSongIos2App.swift */,
				FD402A5C2B46F1DF00E98DEF /* ChooseView.swift */,
				CCD31AB52C91F80C00B79448 /* ChangeView.swift */,
				FD402A602B46F1E200E98DEF /* Assets.xcassets */,
				FD402A622B46F1E200E98DEF /* Preview Content */,
			);
			path = ShareSongIos2;
			sourceTree = "<group>";
		};
		FD402A622B46F1E200E98DEF /* Preview Content */ = {
			isa = PBXGroup;
			children = (
				FD402A632B46F1E200E98DEF /* Preview Assets.xcassets */,
			);
			path = "Preview Content";
			sourceTree = "<group>";
		};
		FD402A6C2B46F1E200E98DEF /* ShareSongIos2Tests */ = {
			isa = PBXGroup;
			children = (
				FD402A6D2B46F1E200E98DEF /* ShareSongIos2Tests.swift */,
			);
			path = ShareSongIos2Tests;
			sourceTree = "<group>";
		};
		FD402A762B46F1E200E98DEF /* ShareSongIos2UITests */ = {
			isa = PBXGroup;
			children = (
				FD402A772B46F1E200E98DEF /* ShareSongIos2UITests.swift */,
				FD402A792B46F1E200E98DEF /* ShareSongIos2UITestsLaunchTests.swift */,
			);
			path = ShareSongIos2UITests;
			sourceTree = "<group>";
		};
/* End PBXGroup section */

/* Begin PBXNativeTarget section */
		48E78F6B2B65732B00E54093 /* ConvertActionExtension */ = {
			isa = PBXNativeTarget;
			buildConfigurationList = 48E78F7C2B65732B00E54093 /* Build configuration list for PBXNativeTarget "ConvertActionExtension" */;
			buildPhases = (
				48E78F682B65732B00E54093 /* Sources */,
				48E78F692B65732B00E54093 /* Frameworks */,
				48E78F6A2B65732B00E54093 /* Resources */,
			);
			buildRules = (
			);
			dependencies = (
			);
			name = ConvertActionExtension;
			productName = ShareToSpotify;
			productReference = 48E78F6C2B65732B00E54093 /* ConvertActionExtension.appex */;
			productType = "com.apple.product-type.app-extension";
		};
		FD402A562B46F1DF00E98DEF /* ShareSongIos2 */ = {
			isa = PBXNativeTarget;
			buildConfigurationList = FD402A7D2B46F1E200E98DEF /* Build configuration list for PBXNativeTarget "ShareSongIos2" */;
			buildPhases = (
				FD402A532B46F1DF00E98DEF /* Sources */,
				FD402A542B46F1DF00E98DEF /* Frameworks */,
				FD402A552B46F1DF00E98DEF /* Resources */,
				48A66C6A2B5410560092025F /* Embed Foundation Extensions */,
			);
			buildRules = (
			);
			dependencies = (
				48E78F782B65732B00E54093 /* PBXTargetDependency */,
			);
			name = ShareSongIos2;
			productName = ShareSongIos2;
			productReference = FD402A572B46F1DF00E98DEF /* ShareSongIos2.app */;
			productType = "com.apple.product-type.application";
		};
		FD402A682B46F1E200E98DEF /* ShareSongIos2Tests */ = {
			isa = PBXNativeTarget;
			buildConfigurationList = FD402A802B46F1E200E98DEF /* Build configuration list for PBXNativeTarget "ShareSongIos2Tests" */;
			buildPhases = (
				FD402A652B46F1E200E98DEF /* Sources */,
				FD402A662B46F1E200E98DEF /* Frameworks */,
				FD402A672B46F1E200E98DEF /* Resources */,
			);
			buildRules = (
			);
			dependencies = (
				FD402A6B2B46F1E200E98DEF /* PBXTargetDependency */,
			);
			name = ShareSongIos2Tests;
			productName = ShareSongIos2Tests;
			productReference = FD402A692B46F1E200E98DEF /* ShareSongIos2Tests.xctest */;
			productType = "com.apple.product-type.bundle.unit-test";
		};
		FD402A722B46F1E200E98DEF /* ShareSongIos2UITests */ = {
			isa = PBXNativeTarget;
			buildConfigurationList = FD402A832B46F1E200E98DEF /* Build configuration list for PBXNativeTarget "ShareSongIos2UITests" */;
			buildPhases = (
				FD402A6F2B46F1E200E98DEF /* Sources */,
				FD402A702B46F1E200E98DEF /* Frameworks */,
				FD402A712B46F1E200E98DEF /* Resources */,
			);
			buildRules = (
			);
			dependencies = (
				FD402A752B46F1E200E98DEF /* PBXTargetDependency */,
			);
			name = ShareSongIos2UITests;
			productName = ShareSongIos2UITests;
			productReference = FD402A732B46F1E200E98DEF /* ShareSongIos2UITests.xctest */;
			productType = "com.apple.product-type.bundle.ui-testing";
		};
/* End PBXNativeTarget section */

/* Begin PBXProject section */
		FD402A4F2B46F1DF00E98DEF /* Project object */ = {
			isa = PBXProject;
			attributes = {
				BuildIndependentTargetsInParallel = 1;
				LastSwiftUpdateCheck = 1520;
				LastUpgradeCheck = 1510;
				TargetAttributes = {
					48E78F6B2B65732B00E54093 = {
						CreatedOnToolsVersion = 15.2;
					};
					FD402A562B46F1DF00E98DEF = {
						CreatedOnToolsVersion = 15.1;
					};
					FD402A682B46F1E200E98DEF = {
						CreatedOnToolsVersion = 15.1;
						TestTargetID = FD402A562B46F1DF00E98DEF;
					};
					FD402A722B46F1E200E98DEF = {
						CreatedOnToolsVersion = 15.1;
						TestTargetID = FD402A562B46F1DF00E98DEF;
					};
				};
			};
			buildConfigurationList = FD402A522B46F1DF00E98DEF /* Build configuration list for PBXProject "ShareSongIos2" */;
			compatibilityVersion = "Xcode 14.0";
			developmentRegion = en;
			hasScannedForEncodings = 0;
			knownRegions = (
				en,
				Base,
			);
			mainGroup = FD402A4E2B46F1DF00E98DEF;
			productRefGroup = FD402A582B46F1DF00E98DEF /* Products */;
			projectDirPath = "";
			projectRoot = "";
			targets = (
				FD402A562B46F1DF00E98DEF /* ShareSongIos2 */,
				FD402A682B46F1E200E98DEF /* ShareSongIos2Tests */,
				FD402A722B46F1E200E98DEF /* ShareSongIos2UITests */,
				48E78F6B2B65732B00E54093 /* ConvertActionExtension */,
			);
		};
/* End PBXProject section */

/* Begin PBXResourcesBuildPhase section */
		48E78F6A2B65732B00E54093 /* Resources */ = {
			isa = PBXResourcesBuildPhase;
			buildActionMask = 2147483647;
			files = (
				48E78F702B65732B00E54093 /* Media.xcassets in Resources */,
			);
			runOnlyForDeploymentPostprocessing = 0;
		};
		FD402A552B46F1DF00E98DEF /* Resources */ = {
			isa = PBXResourcesBuildPhase;
			buildActionMask = 2147483647;
			files = (
				FD402A642B46F1E200E98DEF /* Preview Assets.xcassets in Resources */,
				FD402A612B46F1E200E98DEF /* Assets.xcassets in Resources */,
			);
			runOnlyForDeploymentPostprocessing = 0;
		};
		FD402A672B46F1E200E98DEF /* Resources */ = {
			isa = PBXResourcesBuildPhase;
			buildActionMask = 2147483647;
			files = (
			);
			runOnlyForDeploymentPostprocessing = 0;
		};
		FD402A712B46F1E200E98DEF /* Resources */ = {
			isa = PBXResourcesBuildPhase;
			buildActionMask = 2147483647;
			files = (
			);
			runOnlyForDeploymentPostprocessing = 0;
		};
/* End PBXResourcesBuildPhase section */

/* Begin PBXSourcesBuildPhase section */
		48E78F682B65732B00E54093 /* Sources */ = {
			isa = PBXSourcesBuildPhase;
			buildActionMask = 2147483647;
			files = (
				CC2B48C22C8E0A3E00D7886F /* LoadingScreen.swift in Sources */,
				CC2B48BF2C8E0A0F00D7886F /* OriginUrls.swift in Sources */,
				CC2B48C72C8E0B4800D7886F /* ShareSongClient.swift in Sources */,
				CC2B48DE2C8E0F3700D7886F /* ConvertActionViewController.swift in Sources */,
				CC2B48C12C8E0A3900D7886F /* LoadingAnimation.swift in Sources */,
			);
			runOnlyForDeploymentPostprocessing = 0;
		};
		FD402A532B46F1DF00E98DEF /* Sources */ = {
			isa = PBXSourcesBuildPhase;
			buildActionMask = 2147483647;
			files = (
				CC2B48DA2C8E0F2600D7886F /* LoadingScreen.swift in Sources */,
				CC2B48D92C8E0F2200D7886F /* ShareSongClient.swift in Sources */,
				CC2B48DB2C8E0F2900D7886F /* LoadingAnimation.swift in Sources */,
				CCD31AB42C91F51E00B79448 /* WelcomeView.swift in Sources */,
				CCD31AB62C91F80C00B79448 /* ChangeView.swift in Sources */,
				FD402A5D2B46F1DF00E98DEF /* ChooseView.swift in Sources */,
				FD402A5B2B46F1DF00E98DEF /* ShareSongIos2App.swift in Sources */,
				CC2B48DC2C8E0F2C00D7886F /* OriginUrls.swift in Sources */,
				CC2B48DF2C8E0F3A00D7886F /* ConvertActionViewController.swift in Sources */,
			);
			runOnlyForDeploymentPostprocessing = 0;
		};
		FD402A652B46F1E200E98DEF /* Sources */ = {
			isa = PBXSourcesBuildPhase;
			buildActionMask = 2147483647;
			files = (
				FD402A6E2B46F1E200E98DEF /* ShareSongIos2Tests.swift in Sources */,
			);
			runOnlyForDeploymentPostprocessing = 0;
		};
		FD402A6F2B46F1E200E98DEF /* Sources */ = {
			isa = PBXSourcesBuildPhase;
			buildActionMask = 2147483647;
			files = (
				FD402A7A2B46F1E200E98DEF /* ShareSongIos2UITestsLaunchTests.swift in Sources */,
				FD402A782B46F1E200E98DEF /* ShareSongIos2UITests.swift in Sources */,
			);
			runOnlyForDeploymentPostprocessing = 0;
		};
/* End PBXSourcesBuildPhase section */

/* Begin PBXTargetDependency section */
		48E78F782B65732B00E54093 /* PBXTargetDependency */ = {
			isa = PBXTargetDependency;
			target = 48E78F6B2B65732B00E54093 /* ConvertActionExtension */;
			targetProxy = 48E78F772B65732B00E54093 /* PBXContainerItemProxy */;
		};
		FD402A6B2B46F1E200E98DEF /* PBXTargetDependency */ = {
			isa = PBXTargetDependency;
			target = FD402A562B46F1DF00E98DEF /* ShareSongIos2 */;
			targetProxy = FD402A6A2B46F1E200E98DEF /* PBXContainerItemProxy */;
		};
		FD402A752B46F1E200E98DEF /* PBXTargetDependency */ = {
			isa = PBXTargetDependency;
			target = FD402A562B46F1DF00E98DEF /* ShareSongIos2 */;
			targetProxy = FD402A742B46F1E200E98DEF /* PBXContainerItemProxy */;
		};
/* End PBXTargetDependency section */

/* Begin XCBuildConfiguration section */
		48E78F7A2B65732B00E54093 /* Debug */ = {
			isa = XCBuildConfiguration;
			buildSettings = {
				ASSETCATALOG_COMPILER_APPICON_NAME = AppIcon;
				CODE_SIGN_ENTITLEMENTS = ConvertActionExtension/ConvertActionExtension.entitlements;
				CODE_SIGN_STYLE = Automatic;
				CURRENT_PROJECT_VERSION = 12;
				DEVELOPMENT_TEAM = D52W8PA2SV;
				GENERATE_INFOPLIST_FILE = YES;
				INFOPLIST_FILE = ConvertActionExtension/Info.plist;
				INFOPLIST_KEY_CFBundleDisplayName = "Convert with ShareSong";
				INFOPLIST_KEY_NSHumanReadableCopyright = "";
				IPHONEOS_DEPLOYMENT_TARGET = 15.6;
				LD_RUNPATH_SEARCH_PATHS = (
					"$(inherited)",
					"@executable_path/Frameworks",
					"@executable_path/../../Frameworks",
				);
				MARKETING_VERSION = 2.0.0;
				PRODUCT_BUNDLE_IDENTIFIER = com.valerian.sharesongios.ShareSongIos2.ShareToSpotify;
				PRODUCT_NAME = "$(TARGET_NAME)";
				SKIP_INSTALL = YES;
				SWIFT_EMIT_LOC_STRINGS = YES;
				SWIFT_VERSION = 5.0;
				TARGETED_DEVICE_FAMILY = "1,2";
			};
			name = Debug;
		};
		48E78F7B2B65732B00E54093 /* Release */ = {
			isa = XCBuildConfiguration;
			buildSettings = {
				ASSETCATALOG_COMPILER_APPICON_NAME = AppIcon;
				CODE_SIGN_ENTITLEMENTS = ConvertActionExtension/ConvertActionExtension.entitlements;
				CODE_SIGN_STYLE = Automatic;
				CURRENT_PROJECT_VERSION = 12;
				DEVELOPMENT_TEAM = D52W8PA2SV;
				GENERATE_INFOPLIST_FILE = YES;
				INFOPLIST_FILE = ConvertActionExtension/Info.plist;
				INFOPLIST_KEY_CFBundleDisplayName = "Convert with ShareSong";
				INFOPLIST_KEY_NSHumanReadableCopyright = "";
				IPHONEOS_DEPLOYMENT_TARGET = 15.6;
				LD_RUNPATH_SEARCH_PATHS = (
					"$(inherited)",
					"@executable_path/Frameworks",
					"@executable_path/../../Frameworks",
				);
				MARKETING_VERSION = 2.0.0;
				PRODUCT_BUNDLE_IDENTIFIER = com.valerian.sharesongios.ShareSongIos2.ShareToSpotify;
				PRODUCT_NAME = "$(TARGET_NAME)";
				SKIP_INSTALL = YES;
				SWIFT_EMIT_LOC_STRINGS = YES;
				SWIFT_VERSION = 5.0;
				TARGETED_DEVICE_FAMILY = "1,2";
			};
			name = Release;
		};
		FD402A7B2B46F1E200E98DEF /* Debug */ = {
			isa = XCBuildConfiguration;
			buildSettings = {
				ALWAYS_SEARCH_USER_PATHS = NO;
				ASSETCATALOG_COMPILER_GENERATE_SWIFT_ASSET_SYMBOL_EXTENSIONS = YES;
				CLANG_ANALYZER_NONNULL = YES;
				CLANG_ANALYZER_NUMBER_OBJECT_CONVERSION = YES_AGGRESSIVE;
				CLANG_CXX_LANGUAGE_STANDARD = "gnu++20";
				CLANG_ENABLE_MODULES = YES;
				CLANG_ENABLE_OBJC_ARC = YES;
				CLANG_ENABLE_OBJC_WEAK = YES;
				CLANG_WARN_BLOCK_CAPTURE_AUTORELEASING = YES;
				CLANG_WARN_BOOL_CONVERSION = YES;
				CLANG_WARN_COMMA = YES;
				CLANG_WARN_CONSTANT_CONVERSION = YES;
				CLANG_WARN_DEPRECATED_OBJC_IMPLEMENTATIONS = YES;
				CLANG_WARN_DIRECT_OBJC_ISA_USAGE = YES_ERROR;
				CLANG_WARN_DOCUMENTATION_COMMENTS = YES;
				CLANG_WARN_EMPTY_BODY = YES;
				CLANG_WARN_ENUM_CONVERSION = YES;
				CLANG_WARN_INFINITE_RECURSION = YES;
				CLANG_WARN_INT_CONVERSION = YES;
				CLANG_WARN_NON_LITERAL_NULL_CONVERSION = YES;
				CLANG_WARN_OBJC_IMPLICIT_RETAIN_SELF = YES;
				CLANG_WARN_OBJC_LITERAL_CONVERSION = YES;
				CLANG_WARN_OBJC_ROOT_CLASS = YES_ERROR;
				CLANG_WARN_QUOTED_INCLUDE_IN_FRAMEWORK_HEADER = YES;
				CLANG_WARN_RANGE_LOOP_ANALYSIS = YES;
				CLANG_WARN_STRICT_PROTOTYPES = YES;
				CLANG_WARN_SUSPICIOUS_MOVE = YES;
				CLANG_WARN_UNGUARDED_AVAILABILITY = YES_AGGRESSIVE;
				CLANG_WARN_UNREACHABLE_CODE = YES;
				CLANG_WARN__DUPLICATE_METHOD_MATCH = YES;
				COPY_PHASE_STRIP = NO;
				DEBUG_INFORMATION_FORMAT = dwarf;
				ENABLE_STRICT_OBJC_MSGSEND = YES;
				ENABLE_TESTABILITY = YES;
				ENABLE_USER_SCRIPT_SANDBOXING = YES;
				GCC_C_LANGUAGE_STANDARD = gnu17;
				GCC_DYNAMIC_NO_PIC = NO;
				GCC_NO_COMMON_BLOCKS = YES;
				GCC_OPTIMIZATION_LEVEL = 0;
				GCC_PREPROCESSOR_DEFINITIONS = (
					"DEBUG=1",
					"$(inherited)",
				);
				GCC_WARN_64_TO_32_BIT_CONVERSION = YES;
				GCC_WARN_ABOUT_RETURN_TYPE = YES_ERROR;
				GCC_WARN_UNDECLARED_SELECTOR = YES;
				GCC_WARN_UNINITIALIZED_AUTOS = YES_AGGRESSIVE;
				GCC_WARN_UNUSED_FUNCTION = YES;
				GCC_WARN_UNUSED_VARIABLE = YES;
				IPHONEOS_DEPLOYMENT_TARGET = 15.0;
				LOCALIZATION_PREFERS_STRING_CATALOGS = YES;
				MTL_ENABLE_DEBUG_INFO = INCLUDE_SOURCE;
				MTL_FAST_MATH = YES;
				ONLY_ACTIVE_ARCH = YES;
				SDKROOT = iphoneos;
				SWIFT_ACTIVE_COMPILATION_CONDITIONS = "DEBUG $(inherited)";
				SWIFT_OPTIMIZATION_LEVEL = "-Onone";
			};
			name = Debug;
		};
		FD402A7C2B46F1E200E98DEF /* Release */ = {
			isa = XCBuildConfiguration;
			buildSettings = {
				ALWAYS_SEARCH_USER_PATHS = NO;
				ASSETCATALOG_COMPILER_GENERATE_SWIFT_ASSET_SYMBOL_EXTENSIONS = YES;
				CLANG_ANALYZER_NONNULL = YES;
				CLANG_ANALYZER_NUMBER_OBJECT_CONVERSION = YES_AGGRESSIVE;
				CLANG_CXX_LANGUAGE_STANDARD = "gnu++20";
				CLANG_ENABLE_MODULES = YES;
				CLANG_ENABLE_OBJC_ARC = YES;
				CLANG_ENABLE_OBJC_WEAK = YES;
				CLANG_WARN_BLOCK_CAPTURE_AUTORELEASING = YES;
				CLANG_WARN_BOOL_CONVERSION = YES;
				CLANG_WARN_COMMA = YES;
				CLANG_WARN_CONSTANT_CONVERSION = YES;
				CLANG_WARN_DEPRECATED_OBJC_IMPLEMENTATIONS = YES;
				CLANG_WARN_DIRECT_OBJC_ISA_USAGE = YES_ERROR;
				CLANG_WARN_DOCUMENTATION_COMMENTS = YES;
				CLANG_WARN_EMPTY_BODY = YES;
				CLANG_WARN_ENUM_CONVERSION = YES;
				CLANG_WARN_INFINITE_RECURSION = YES;
				CLANG_WARN_INT_CONVERSION = YES;
				CLANG_WARN_NON_LITERAL_NULL_CONVERSION = YES;
				CLANG_WARN_OBJC_IMPLICIT_RETAIN_SELF = YES;
				CLANG_WARN_OBJC_LITERAL_CONVERSION = YES;
				CLANG_WARN_OBJC_ROOT_CLASS = YES_ERROR;
				CLANG_WARN_QUOTED_INCLUDE_IN_FRAMEWORK_HEADER = YES;
				CLANG_WARN_RANGE_LOOP_ANALYSIS = YES;
				CLANG_WARN_STRICT_PROTOTYPES = YES;
				CLANG_WARN_SUSPICIOUS_MOVE = YES;
				CLANG_WARN_UNGUARDED_AVAILABILITY = YES_AGGRESSIVE;
				CLANG_WARN_UNREACHABLE_CODE = YES;
				CLANG_WARN__DUPLICATE_METHOD_MATCH = YES;
				COPY_PHASE_STRIP = NO;
				DEBUG_INFORMATION_FORMAT = "dwarf-with-dsym";
				ENABLE_NS_ASSERTIONS = NO;
				ENABLE_STRICT_OBJC_MSGSEND = YES;
				ENABLE_USER_SCRIPT_SANDBOXING = YES;
				GCC_C_LANGUAGE_STANDARD = gnu17;
				GCC_NO_COMMON_BLOCKS = YES;
				GCC_WARN_64_TO_32_BIT_CONVERSION = YES;
				GCC_WARN_ABOUT_RETURN_TYPE = YES_ERROR;
				GCC_WARN_UNDECLARED_SELECTOR = YES;
				GCC_WARN_UNINITIALIZED_AUTOS = YES_AGGRESSIVE;
				GCC_WARN_UNUSED_FUNCTION = YES;
				GCC_WARN_UNUSED_VARIABLE = YES;
				IPHONEOS_DEPLOYMENT_TARGET = 15.0;
				LOCALIZATION_PREFERS_STRING_CATALOGS = YES;
				MTL_ENABLE_DEBUG_INFO = NO;
				MTL_FAST_MATH = YES;
				SDKROOT = iphoneos;
				SWIFT_COMPILATION_MODE = wholemodule;
				VALIDATE_PRODUCT = YES;
			};
			name = Release;
		};
		FD402A7E2B46F1E200E98DEF /* Debug */ = {
			isa = XCBuildConfiguration;
			buildSettings = {
				ALWAYS_EMBED_SWIFT_STANDARD_LIBRARIES = YES;
				ASSETCATALOG_COMPILER_APPICON_NAME = AppIcon;
				ASSETCATALOG_COMPILER_GLOBAL_ACCENT_COLOR_NAME = AccentColor;
				CODE_SIGN_ENTITLEMENTS = ShareSongIos2/ShareSongIos2.entitlements;
				CODE_SIGN_STYLE = Automatic;
				CURRENT_PROJECT_VERSION = 12;
				DEVELOPMENT_ASSET_PATHS = "\"ShareSongIos2/Preview Content\"";
				DEVELOPMENT_TEAM = D52W8PA2SV;
				ENABLE_PREVIEWS = YES;
				GENERATE_INFOPLIST_FILE = YES;
				INFOPLIST_FILE = ShareSongIos2/Info.plist;
				INFOPLIST_KEY_CFBundleDisplayName = "Share Song";
				INFOPLIST_KEY_LSApplicationCategoryType = "public.app-category.music";
				INFOPLIST_KEY_UIApplicationSceneManifest_Generation = YES;
				INFOPLIST_KEY_UIApplicationSupportsIndirectInputEvents = YES;
				INFOPLIST_KEY_UILaunchScreen_Generation = YES;
				INFOPLIST_KEY_UISupportedInterfaceOrientations_iPad = "UIInterfaceOrientationPortrait UIInterfaceOrientationPortraitUpsideDown UIInterfaceOrientationLandscapeLeft UIInterfaceOrientationLandscapeRight";
				INFOPLIST_KEY_UISupportedInterfaceOrientations_iPhone = "UIInterfaceOrientationPortrait UIInterfaceOrientationLandscapeLeft UIInterfaceOrientationLandscapeRight";
				IPHONEOS_DEPLOYMENT_TARGET = 15.6;
				LD_RUNPATH_SEARCH_PATHS = (
					"$(inherited)",
					"@executable_path/Frameworks",
				);
				MARKETING_VERSION = 2.0.0;
				PRODUCT_BUNDLE_IDENTIFIER = com.valerian.sharesongios.ShareSongIos2;
				PRODUCT_NAME = "$(TARGET_NAME)";
				SWIFT_EMIT_LOC_STRINGS = YES;
				SWIFT_VERSION = 5.0;
				TARGETED_DEVICE_FAMILY = "1,2";
			};
			name = Debug;
		};
		FD402A7F2B46F1E200E98DEF /* Release */ = {
			isa = XCBuildConfiguration;
			buildSettings = {
				ALWAYS_EMBED_SWIFT_STANDARD_LIBRARIES = YES;
				ASSETCATALOG_COMPILER_APPICON_NAME = AppIcon;
				ASSETCATALOG_COMPILER_GLOBAL_ACCENT_COLOR_NAME = AccentColor;
				CODE_SIGN_ENTITLEMENTS = ShareSongIos2/ShareSongIos2.entitlements;
				CODE_SIGN_STYLE = Automatic;
				CURRENT_PROJECT_VERSION = 12;
				DEVELOPMENT_ASSET_PATHS = "\"ShareSongIos2/Preview Content\"";
				DEVELOPMENT_TEAM = D52W8PA2SV;
				ENABLE_PREVIEWS = YES;
				GENERATE_INFOPLIST_FILE = YES;
				INFOPLIST_FILE = ShareSongIos2/Info.plist;
				INFOPLIST_KEY_CFBundleDisplayName = "Share Song";
				INFOPLIST_KEY_LSApplicationCategoryType = "public.app-category.music";
				INFOPLIST_KEY_UIApplicationSceneManifest_Generation = YES;
				INFOPLIST_KEY_UIApplicationSupportsIndirectInputEvents = YES;
				INFOPLIST_KEY_UILaunchScreen_Generation = YES;
				INFOPLIST_KEY_UISupportedInterfaceOrientations_iPad = "UIInterfaceOrientationPortrait UIInterfaceOrientationPortraitUpsideDown UIInterfaceOrientationLandscapeLeft UIInterfaceOrientationLandscapeRight";
				INFOPLIST_KEY_UISupportedInterfaceOrientations_iPhone = "UIInterfaceOrientationPortrait UIInterfaceOrientationLandscapeLeft UIInterfaceOrientationLandscapeRight";
				IPHONEOS_DEPLOYMENT_TARGET = 15.6;
				LD_RUNPATH_SEARCH_PATHS = (
					"$(inherited)",
					"@executable_path/Frameworks",
				);
				MARKETING_VERSION = 2.0.0;
				PRODUCT_BUNDLE_IDENTIFIER = com.valerian.sharesongios.ShareSongIos2;
				PRODUCT_NAME = "$(TARGET_NAME)";
				SWIFT_EMIT_LOC_STRINGS = YES;
				SWIFT_VERSION = 5.0;
				TARGETED_DEVICE_FAMILY = "1,2";
			};
			name = Release;
		};
		FD402A812B46F1E200E98DEF /* Debug */ = {
			isa = XCBuildConfiguration;
			buildSettings = {
				ALWAYS_EMBED_SWIFT_STANDARD_LIBRARIES = YES;
				BUNDLE_LOADER = "$(TEST_HOST)";
				CODE_SIGN_STYLE = Automatic;
				CURRENT_PROJECT_VERSION = 1;
				DEVELOPMENT_TEAM = D52W8PA2SV;
				GENERATE_INFOPLIST_FILE = YES;
				IPHONEOS_DEPLOYMENT_TARGET = 15.6;
				MARKETING_VERSION = 1.0;
				PRODUCT_BUNDLE_IDENTIFIER = com.valerian.sharesongios.ShareSongIos2Tests;
				PRODUCT_NAME = "$(TARGET_NAME)";
				SWIFT_EMIT_LOC_STRINGS = NO;
				SWIFT_VERSION = 5.0;
				TARGETED_DEVICE_FAMILY = "1,2";
				TEST_HOST = "$(BUILT_PRODUCTS_DIR)/ShareSongIos2.app/$(BUNDLE_EXECUTABLE_FOLDER_PATH)/ShareSongIos2";
			};
			name = Debug;
		};
		FD402A822B46F1E200E98DEF /* Release */ = {
			isa = XCBuildConfiguration;
			buildSettings = {
				ALWAYS_EMBED_SWIFT_STANDARD_LIBRARIES = YES;
				BUNDLE_LOADER = "$(TEST_HOST)";
				CODE_SIGN_STYLE = Automatic;
				CURRENT_PROJECT_VERSION = 1;
				DEVELOPMENT_TEAM = D52W8PA2SV;
				GENERATE_INFOPLIST_FILE = YES;
				IPHONEOS_DEPLOYMENT_TARGET = 15.6;
				MARKETING_VERSION = 1.0;
				PRODUCT_BUNDLE_IDENTIFIER = com.valerian.sharesongios.ShareSongIos2Tests;
				PRODUCT_NAME = "$(TARGET_NAME)";
				SWIFT_EMIT_LOC_STRINGS = NO;
				SWIFT_VERSION = 5.0;
				TARGETED_DEVICE_FAMILY = "1,2";
				TEST_HOST = "$(BUILT_PRODUCTS_DIR)/ShareSongIos2.app/$(BUNDLE_EXECUTABLE_FOLDER_PATH)/ShareSongIos2";
			};
			name = Release;
		};
		FD402A842B46F1E200E98DEF /* Debug */ = {
			isa = XCBuildConfiguration;
			buildSettings = {
				ALWAYS_EMBED_SWIFT_STANDARD_LIBRARIES = YES;
				CODE_SIGN_STYLE = Automatic;
				CURRENT_PROJECT_VERSION = 1;
				DEVELOPMENT_TEAM = D52W8PA2SV;
				GENERATE_INFOPLIST_FILE = YES;
				MARKETING_VERSION = 1.0;
				PRODUCT_BUNDLE_IDENTIFIER = com.valerian.sharesongios.ShareSongIos2UITests;
				PRODUCT_NAME = "$(TARGET_NAME)";
				SWIFT_EMIT_LOC_STRINGS = NO;
				SWIFT_VERSION = 5.0;
				TARGETED_DEVICE_FAMILY = "1,2";
				TEST_TARGET_NAME = ShareSongIos2;
			};
			name = Debug;
		};
		FD402A852B46F1E200E98DEF /* Release */ = {
			isa = XCBuildConfiguration;
			buildSettings = {
				ALWAYS_EMBED_SWIFT_STANDARD_LIBRARIES = YES;
				CODE_SIGN_STYLE = Automatic;
				CURRENT_PROJECT_VERSION = 1;
				DEVELOPMENT_TEAM = D52W8PA2SV;
				GENERATE_INFOPLIST_FILE = YES;
				MARKETING_VERSION = 1.0;
				PRODUCT_BUNDLE_IDENTIFIER = com.valerian.sharesongios.ShareSongIos2UITests;
				PRODUCT_NAME = "$(TARGET_NAME)";
				SWIFT_EMIT_LOC_STRINGS = NO;
				SWIFT_VERSION = 5.0;
				TARGETED_DEVICE_FAMILY = "1,2";
				TEST_TARGET_NAME = ShareSongIos2;
			};
			name = Release;
		};
/* End XCBuildConfiguration section */

/* Begin XCConfigurationList section */
		48E78F7C2B65732B00E54093 /* Build configuration list for PBXNativeTarget "ConvertActionExtension" */ = {
			isa = XCConfigurationList;
			buildConfigurations = (
				48E78F7A2B65732B00E54093 /* Debug */,
				48E78F7B2B65732B00E54093 /* Release */,
			);
			defaultConfigurationIsVisible = 0;
			defaultConfigurationName = Release;
		};
		FD402A522B46F1DF00E98DEF /* Build configuration list for PBXProject "ShareSongIos2" */ = {
			isa = XCConfigurationList;
			buildConfigurations = (
				FD402A7B2B46F1E200E98DEF /* Debug */,
				FD402A7C2B46F1E200E98DEF /* Release */,
			);
			defaultConfigurationIsVisible = 0;
			defaultConfigurationName = Release;
		};
		FD402A7D2B46F1E200E98DEF /* Build configuration list for PBXNativeTarget "ShareSongIos2" */ = {
			isa = XCConfigurationList;
			buildConfigurations = (
				FD402A7E2B46F1E200E98DEF /* Debug */,
				FD402A7F2B46F1E200E98DEF /* Release */,
			);
			defaultConfigurationIsVisible = 0;
			defaultConfigurationName = Release;
		};
		FD402A802B46F1E200E98DEF /* Build configuration list for PBXNativeTarget "ShareSongIos2Tests" */ = {
			isa = XCConfigurationList;
			buildConfigurations = (
				FD402A812B46F1E200E98DEF /* Debug */,
				FD402A822B46F1E200E98DEF /* Release */,
			);
			defaultConfigurationIsVisible = 0;
			defaultConfigurationName = Release;
		};
		FD402A832B46F1E200E98DEF /* Build configuration list for PBXNativeTarget "ShareSongIos2UITests" */ = {
			isa = XCConfigurationList;
			buildConfigurations = (
				FD402A842B46F1E200E98DEF /* Debug */,
				FD402A852B46F1E200E98DEF /* Release */,
			);
			defaultConfigurationIsVisible = 0;
			defaultConfigurationName = Release;
		};
/* End XCConfigurationList section */
	};
	rootObject = FD402A4F2B46F1DF00E98DEF /* Project object */;
}
